// !$*UTF8*$!
{
	archiveVersion = 1;
	classes = {
	};
	objectVersion = 50;
	objects = {

/* Begin PBXBuildFile section */
		64B38596229AD22300767E7F /* AppDelegate.swift in Sources */ = {isa = PBXBuildFile; fileRef = 64B38595229AD22300767E7F /* AppDelegate.swift */; };
		64B38598229AD22300767E7F /* ViewController.swift in Sources */ = {isa = PBXBuildFile; fileRef = 64B38597229AD22300767E7F /* ViewController.swift */; };
		64B3859B229AD22300767E7F /* Main.storyboard in Resources */ = {isa = PBXBuildFile; fileRef = 64B38599229AD22300767E7F /* Main.storyboard */; };
		64B3859E229AD22300767E7F /* Xchanger2_0.xcdatamodeld in Sources */ = {isa = PBXBuildFile; fileRef = 64B3859C229AD22300767E7F /* Xchanger2_0.xcdatamodeld */; };
		64B385A0229AD22500767E7F /* Assets.xcassets in Resources */ = {isa = PBXBuildFile; fileRef = 64B3859F229AD22500767E7F /* Assets.xcassets */; };
		64B385A3229AD22500767E7F /* LaunchScreen.storyboard in Resources */ = {isa = PBXBuildFile; fileRef = 64B385A1229AD22500767E7F /* LaunchScreen.storyboard */; };
		64B385AE229AD22500767E7F /* Xchanger2_0Tests.swift in Sources */ = {isa = PBXBuildFile; fileRef = 64B385AD229AD22500767E7F /* Xchanger2_0Tests.swift */; };
		64B385B9229AD22500767E7F /* Xchanger2_0UITests.swift in Sources */ = {isa = PBXBuildFile; fileRef = 64B385B8229AD22500767E7F /* Xchanger2_0UITests.swift */; };
		64B385C9229B016600767E7F /* SigninViewController.swift in Sources */ = {isa = PBXBuildFile; fileRef = 64B385C8229B016600767E7F /* SigninViewController.swift */; };
/* End PBXBuildFile section */

/* Begin PBXContainerItemProxy section */
		64B385AA229AD22500767E7F /* PBXContainerItemProxy */ = {
			isa = PBXContainerItemProxy;
			containerPortal = 64B3858A229AD22300767E7F /* Project object */;
			proxyType = 1;
			remoteGlobalIDString = 64B38591229AD22300767E7F;
			remoteInfo = Xchanger2.0;
		};
		64B385B5229AD22500767E7F /* PBXContainerItemProxy */ = {
			isa = PBXContainerItemProxy;
			containerPortal = 64B3858A229AD22300767E7F /* Project object */;
			proxyType = 1;
			remoteGlobalIDString = 64B38591229AD22300767E7F;
			remoteInfo = Xchanger2.0;
		};
/* End PBXContainerItemProxy section */

/* Begin PBXFileReference section */
		64B38592229AD22300767E7F /* Xchanger2.0.app */ = {isa = PBXFileReference; explicitFileType = wrapper.application; includeInIndex = 0; path = Xchanger2.0.app; sourceTree = BUILT_PRODUCTS_DIR; };
		64B38595229AD22300767E7F /* AppDelegate.swift */ = {isa = PBXFileReference; lastKnownFileType = sourcecode.swift; path = AppDelegate.swift; sourceTree = "<group>"; };
		64B38597229AD22300767E7F /* ViewController.swift */ = {isa = PBXFileReference; lastKnownFileType = sourcecode.swift; path = ViewController.swift; sourceTree = "<group>"; };
		64B3859A229AD22300767E7F /* Base */ = {isa = PBXFileReference; lastKnownFileType = file.storyboard; name = Base; path = Base.lproj/Main.storyboard; sourceTree = "<group>"; };
		64B3859D229AD22300767E7F /* Xchanger2_0.xcdatamodel */ = {isa = PBXFileReference; lastKnownFileType = wrapper.xcdatamodel; path = Xchanger2_0.xcdatamodel; sourceTree = "<group>"; };
		64B3859F229AD22500767E7F /* Assets.xcassets */ = {isa = PBXFileReference; lastKnownFileType = folder.assetcatalog; path = Assets.xcassets; sourceTree = "<group>"; };
		64B385A2229AD22500767E7F /* Base */ = {isa = PBXFileReference; lastKnownFileType = file.storyboard; name = Base; path = Base.lproj/LaunchScreen.storyboard; sourceTree = "<group>"; };
		64B385A4229AD22500767E7F /* Info.plist */ = {isa = PBXFileReference; lastKnownFileType = text.plist.xml; path = Info.plist; sourceTree = "<group>"; };
		64B385A9229AD22500767E7F /* Xchanger2.0Tests.xctest */ = {isa = PBXFileReference; explicitFileType = wrapper.cfbundle; includeInIndex = 0; path = Xchanger2.0Tests.xctest; sourceTree = BUILT_PRODUCTS_DIR; };
		64B385AD229AD22500767E7F /* Xchanger2_0Tests.swift */ = {isa = PBXFileReference; lastKnownFileType = sourcecode.swift; path = Xchanger2_0Tests.swift; sourceTree = "<group>"; };
		64B385AF229AD22500767E7F /* Info.plist */ = {isa = PBXFileReference; lastKnownFileType = text.plist.xml; path = Info.plist; sourceTree = "<group>"; };
		64B385B4229AD22500767E7F /* Xchanger2.0UITests.xctest */ = {isa = PBXFileReference; explicitFileType = wrapper.cfbundle; includeInIndex = 0; path = Xchanger2.0UITests.xctest; sourceTree = BUILT_PRODUCTS_DIR; };
		64B385B8229AD22500767E7F /* Xchanger2_0UITests.swift */ = {isa = PBXFileReference; lastKnownFileType = sourcecode.swift; path = Xchanger2_0UITests.swift; sourceTree = "<group>"; };
		64B385BA229AD22500767E7F /* Info.plist */ = {isa = PBXFileReference; lastKnownFileType = text.plist.xml; path = Info.plist; sourceTree = "<group>"; };
		64B385C8229B016600767E7F /* SigninViewController.swift */ = {isa = PBXFileReference; lastKnownFileType = sourcecode.swift; path = SigninViewController.swift; sourceTree = "<group>"; };
/* End PBXFileReference section */

/* Begin PBXFrameworksBuildPhase section */
		64B3858F229AD22300767E7F /* Frameworks */ = {
			isa = PBXFrameworksBuildPhase;
			buildActionMask = 2147483647;
			files = (
			);
			runOnlyForDeploymentPostprocessing = 0;
		};
		64B385A6229AD22500767E7F /* Frameworks */ = {
			isa = PBXFrameworksBuildPhase;
			buildActionMask = 2147483647;
			files = (
			);
			runOnlyForDeploymentPostprocessing = 0;
		};
		64B385B1229AD22500767E7F /* Frameworks */ = {
			isa = PBXFrameworksBuildPhase;
			buildActionMask = 2147483647;
			files = (
			);
			runOnlyForDeploymentPostprocessing = 0;
		};
/* End PBXFrameworksBuildPhase section */

/* Begin PBXGroup section */
		64B38589229AD22300767E7F = {
			isa = PBXGroup;
			children = (
				64B38594229AD22300767E7F /* Xchanger2.0 */,
				64B385AC229AD22500767E7F /* Xchanger2.0Tests */,
				64B385B7229AD22500767E7F /* Xchanger2.0UITests */,
				64B38593229AD22300767E7F /* Products */,
			);
			sourceTree = "<group>";
		};
		64B38593229AD22300767E7F /* Products */ = {
			isa = PBXGroup;
			children = (
				64B38592229AD22300767E7F /* Xchanger2.0.app */,
				64B385A9229AD22500767E7F /* Xchanger2.0Tests.xctest */,
				64B385B4229AD22500767E7F /* Xchanger2.0UITests.xctest */,
			);
			name = Products;
			sourceTree = "<group>";
		};
		64B38594229AD22300767E7F /* Xchanger2.0 */ = {
			isa = PBXGroup;
			children = (
				64B385C7229B013200767E7F /* SigninPage */,
				64B385C6229AD27C00767E7F /* WelcomePage */,
				64B38595229AD22300767E7F /* AppDelegate.swift */,
				64B38597229AD22300767E7F /* ViewController.swift */,
				64B38599229AD22300767E7F /* Main.storyboard */,
				64B3859F229AD22500767E7F /* Assets.xcassets */,
				64B385A1229AD22500767E7F /* LaunchScreen.storyboard */,
				64B385A4229AD22500767E7F /* Info.plist */,
				64B3859C229AD22300767E7F /* Xchanger2_0.xcdatamodeld */,
			);
			path = Xchanger2.0;
			sourceTree = "<group>";
		};
		64B385AC229AD22500767E7F /* Xchanger2.0Tests */ = {
			isa = PBXGroup;
			children = (
				64B385AD229AD22500767E7F /* Xchanger2_0Tests.swift */,
				64B385AF229AD22500767E7F /* Info.plist */,
			);
			path = Xchanger2.0Tests;
			sourceTree = "<group>";
		};
		64B385B7229AD22500767E7F /* Xchanger2.0UITests */ = {
			isa = PBXGroup;
			children = (
				64B385B8229AD22500767E7F /* Xchanger2_0UITests.swift */,
				64B385BA229AD22500767E7F /* Info.plist */,
			);
			path = Xchanger2.0UITests;
			sourceTree = "<group>";
		};
		64B385C6229AD27C00767E7F /* WelcomePage */ = {
			isa = PBXGroup;
			children = (
			);
			path = WelcomePage;
			sourceTree = "<group>";
		};
		64B385C7229B013200767E7F /* SigninPage */ = {
			isa = PBXGroup;
			children = (
				64B385C8229B016600767E7F /* SigninViewController.swift */,
			);
			path = SigninPage;
			sourceTree = "<group>";
		};
/* End PBXGroup section */

/* Begin PBXNativeTarget section */
		64B38591229AD22300767E7F /* Xchanger2.0 */ = {
			isa = PBXNativeTarget;
			buildConfigurationList = 64B385BD229AD22500767E7F /* Build configuration list for PBXNativeTarget "Xchanger2.0" */;
			buildPhases = (
				64B3858E229AD22300767E7F /* Sources */,
				64B3858F229AD22300767E7F /* Frameworks */,
				64B38590229AD22300767E7F /* Resources */,
			);
			buildRules = (
			);
			dependencies = (
			);
			name = Xchanger2.0;
			productName = Xchanger2.0;
			productReference = 64B38592229AD22300767E7F /* Xchanger2.0.app */;
			productType = "com.apple.product-type.application";
		};
		64B385A8229AD22500767E7F /* Xchanger2.0Tests */ = {
			isa = PBXNativeTarget;
			buildConfigurationList = 64B385C0229AD22500767E7F /* Build configuration list for PBXNativeTarget "Xchanger2.0Tests" */;
			buildPhases = (
				64B385A5229AD22500767E7F /* Sources */,
				64B385A6229AD22500767E7F /* Frameworks */,
				64B385A7229AD22500767E7F /* Resources */,
			);
			buildRules = (
			);
			dependencies = (
				64B385AB229AD22500767E7F /* PBXTargetDependency */,
			);
			name = Xchanger2.0Tests;
			productName = Xchanger2.0Tests;
			productReference = 64B385A9229AD22500767E7F /* Xchanger2.0Tests.xctest */;
			productType = "com.apple.product-type.bundle.unit-test";
		};
		64B385B3229AD22500767E7F /* Xchanger2.0UITests */ = {
			isa = PBXNativeTarget;
			buildConfigurationList = 64B385C3229AD22500767E7F /* Build configuration list for PBXNativeTarget "Xchanger2.0UITests" */;
			buildPhases = (
				64B385B0229AD22500767E7F /* Sources */,
				64B385B1229AD22500767E7F /* Frameworks */,
				64B385B2229AD22500767E7F /* Resources */,
			);
			buildRules = (
			);
			dependencies = (
				64B385B6229AD22500767E7F /* PBXTargetDependency */,
			);
			name = Xchanger2.0UITests;
			productName = Xchanger2.0UITests;
			productReference = 64B385B4229AD22500767E7F /* Xchanger2.0UITests.xctest */;
			productType = "com.apple.product-type.bundle.ui-testing";
		};
/* End PBXNativeTarget section */

/* Begin PBXProject section */
		64B3858A229AD22300767E7F /* Project object */ = {
			isa = PBXProject;
			attributes = {
				LastSwiftUpdateCheck = 1020;
				LastUpgradeCheck = 1020;
				ORGANIZATIONNAME = "Altan Tutar";
				TargetAttributes = {
					64B38591229AD22300767E7F = {
						CreatedOnToolsVersion = 10.2.1;
					};
					64B385A8229AD22500767E7F = {
						CreatedOnToolsVersion = 10.2.1;
						TestTargetID = 64B38591229AD22300767E7F;
					};
					64B385B3229AD22500767E7F = {
						CreatedOnToolsVersion = 10.2.1;
						TestTargetID = 64B38591229AD22300767E7F;
					};
				};
			};
			buildConfigurationList = 64B3858D229AD22300767E7F /* Build configuration list for PBXProject "Xchanger2.0" */;
			compatibilityVersion = "Xcode 9.3";
			developmentRegion = en;
			hasScannedForEncodings = 0;
			knownRegions = (
				en,
				Base,
			);
			mainGroup = 64B38589229AD22300767E7F;
			productRefGroup = 64B38593229AD22300767E7F /* Products */;
			projectDirPath = "";
			projectRoot = "";
			targets = (
				64B38591229AD22300767E7F /* Xchanger2.0 */,
				64B385A8229AD22500767E7F /* Xchanger2.0Tests */,
				64B385B3229AD22500767E7F /* Xchanger2.0UITests */,
			);
		};
/* End PBXProject section */

/* Begin PBXResourcesBuildPhase section */
		64B38590229AD22300767E7F /* Resources */ = {
			isa = PBXResourcesBuildPhase;
			buildActionMask = 2147483647;
			files = (
				64B385A3229AD22500767E7F /* LaunchScreen.storyboard in Resources */,
				64B385A0229AD22500767E7F /* Assets.xcassets in Resources */,
				64B3859B229AD22300767E7F /* Main.storyboard in Resources */,
			);
			runOnlyForDeploymentPostprocessing = 0;
		};
		64B385A7229AD22500767E7F /* Resources */ = {
			isa = PBXResourcesBuildPhase;
			buildActionMask = 2147483647;
			files = (
			);
			runOnlyForDeploymentPostprocessing = 0;
		};
		64B385B2229AD22500767E7F /* Resources */ = {
			isa = PBXResourcesBuildPhase;
			buildActionMask = 2147483647;
			files = (
			);
			runOnlyForDeploymentPostprocessing = 0;
		};
/* End PBXResourcesBuildPhase section */

/* Begin PBXSourcesBuildPhase section */
		64B3858E229AD22300767E7F /* Sources */ = {
			isa = PBXSourcesBuildPhase;
			buildActionMask = 2147483647;
			files = (
				64B385C9229B016600767E7F /* SigninViewController.swift in Sources */,
				64B38598229AD22300767E7F /* ViewController.swift in Sources */,
				64B38596229AD22300767E7F /* AppDelegate.swift in Sources */,
				64B3859E229AD22300767E7F /* Xchanger2_0.xcdatamodeld in Sources */,
			);
			runOnlyForDeploymentPostprocessing = 0;
		};
		64B385A5229AD22500767E7F /* Sources */ = {
			isa = PBXSourcesBuildPhase;
			buildActionMask = 2147483647;
			files = (
				64B385AE229AD22500767E7F /* Xchanger2_0Tests.swift in Sources */,
			);
			runOnlyForDeploymentPostprocessing = 0;
		};
		64B385B0229AD22500767E7F /* Sources */ = {
			isa = PBXSourcesBuildPhase;
			buildActionMask = 2147483647;
			files = (
				64B385B9229AD22500767E7F /* Xchanger2_0UITests.swift in Sources */,
			);
			runOnlyForDeploymentPostprocessing = 0;
		};
/* End PBXSourcesBuildPhase section */

/* Begin PBXTargetDependency section */
		64B385AB229AD22500767E7F /* PBXTargetDependency */ = {
			isa = PBXTargetDependency;
			target = 64B38591229AD22300767E7F /* Xchanger2.0 */;
			targetProxy = 64B385AA229AD22500767E7F /* PBXContainerItemProxy */;
		};
		64B385B6229AD22500767E7F /* PBXTargetDependency */ = {
			isa = PBXTargetDependency;
			target = 64B38591229AD22300767E7F /* Xchanger2.0 */;
			targetProxy = 64B385B5229AD22500767E7F /* PBXContainerItemProxy */;
		};
/* End PBXTargetDependency section */

/* Begin PBXVariantGroup section */
		64B38599229AD22300767E7F /* Main.storyboard */ = {
			isa = PBXVariantGroup;
			children = (
				64B3859A229AD22300767E7F /* Base */,
			);
			name = Main.storyboard;
			sourceTree = "<group>";
		};
		64B385A1229AD22500767E7F /* LaunchScreen.storyboard */ = {
			isa = PBXVariantGroup;
			children = (
				64B385A2229AD22500767E7F /* Base */,
			);
			name = LaunchScreen.storyboard;
			sourceTree = "<group>";
		};
/* End PBXVariantGroup section */

/* Begin XCBuildConfiguration section */
		64B385BB229AD22500767E7F /* Debug */ = {
			isa = XCBuildConfiguration;
			buildSettings = {
				ALWAYS_SEARCH_USER_PATHS = NO;
				CLANG_ANALYZER_NONNULL = YES;
				CLANG_ANALYZER_NUMBER_OBJECT_CONVERSION = YES_AGGRESSIVE;
				CLANG_CXX_LANGUAGE_STANDARD = "gnu++14";
				CLANG_CXX_LIBRARY = "libc++";
				CLANG_ENABLE_MODULES = YES;
				CLANG_ENABLE_OBJC_ARC = YES;
				CLANG_ENABLE_OBJC_WEAK = YES;
				CLANG_WARN_BLOCK_CAPTURE_AUTORELEASING = YES;
				CLANG_WARN_BOOL_CONVERSION = YES;
				CLANG_WARN_COMMA = YES;
				CLANG_WARN_CONSTANT_CONVERSION = YES;
				CLANG_WARN_DEPRECATED_OBJC_IMPLEMENTATIONS = YES;
				CLANG_WARN_DIRECT_OBJC_ISA_USAGE = YES_ERROR;
				CLANG_WARN_DOCUMENTATION_COMMENTS = YES;
				CLANG_WARN_EMPTY_BODY = YES;
				CLANG_WARN_ENUM_CONVERSION = YES;
				CLANG_WARN_INFINITE_RECURSION = YES;
				CLANG_WARN_INT_CONVERSION = YES;
				CLANG_WARN_NON_LITERAL_NULL_CONVERSION = YES;
				CLANG_WARN_OBJC_IMPLICIT_RETAIN_SELF = YES;
				CLANG_WARN_OBJC_LITERAL_CONVERSION = YES;
				CLANG_WARN_OBJC_ROOT_CLASS = YES_ERROR;
				CLANG_WARN_RANGE_LOOP_ANALYSIS = YES;
				CLANG_WARN_STRICT_PROTOTYPES = YES;
				CLANG_WARN_SUSPICIOUS_MOVE = YES;
				CLANG_WARN_UNGUARDED_AVAILABILITY = YES_AGGRESSIVE;
				CLANG_WARN_UNREACHABLE_CODE = YES;
				CLANG_WARN__DUPLICATE_METHOD_MATCH = YES;
				CODE_SIGN_IDENTITY = "iPhone Developer";
				COPY_PHASE_STRIP = NO;
				DEBUG_INFORMATION_FORMAT = dwarf;
				ENABLE_STRICT_OBJC_MSGSEND = YES;
				ENABLE_TESTABILITY = YES;
				GCC_C_LANGUAGE_STANDARD = gnu11;
				GCC_DYNAMIC_NO_PIC = NO;
				GCC_NO_COMMON_BLOCKS = YES;
				GCC_OPTIMIZATION_LEVEL = 0;
				GCC_PREPROCESSOR_DEFINITIONS = (
					"DEBUG=1",
					"$(inherited)",
				);
				GCC_WARN_64_TO_32_BIT_CONVERSION = YES;
				GCC_WARN_ABOUT_RETURN_TYPE = YES_ERROR;
				GCC_WARN_UNDECLARED_SELECTOR = YES;
				GCC_WARN_UNINITIALIZED_AUTOS = YES_AGGRESSIVE;
				GCC_WARN_UNUSED_FUNCTION = YES;
				GCC_WARN_UNUSED_VARIABLE = YES;
				IPHONEOS_DEPLOYMENT_TARGET = 12.2;
				MTL_ENABLE_DEBUG_INFO = INCLUDE_SOURCE;
				MTL_FAST_MATH = YES;
				ONLY_ACTIVE_ARCH = YES;
				SDKROOT = iphoneos;
				SWIFT_ACTIVE_COMPILATION_CONDITIONS = DEBUG;
				SWIFT_OPTIMIZATION_LEVEL = "-Onone";
			};
			name = Debug;
		};
		64B385BC229AD22500767E7F /* Release */ = {
			isa = XCBuildConfiguration;
			buildSettings = {
				ALWAYS_SEARCH_USER_PATHS = NO;
				CLANG_ANALYZER_NONNULL = YES;
				CLANG_ANALYZER_NUMBER_OBJECT_CONVERSION = YES_AGGRESSIVE;
				CLANG_CXX_LANGUAGE_STANDARD = "gnu++14";
				CLANG_CXX_LIBRARY = "libc++";
				CLANG_ENABLE_MODULES = YES;
				CLANG_ENABLE_OBJC_ARC = YES;
				CLANG_ENABLE_OBJC_WEAK = YES;
				CLANG_WARN_BLOCK_CAPTURE_AUTORELEASING = YES;
				CLANG_WARN_BOOL_CONVERSION = YES;
				CLANG_WARN_COMMA = YES;
				CLANG_WARN_CONSTANT_CONVERSION = YES;
				CLANG_WARN_DEPRECATED_OBJC_IMPLEMENTATIONS = YES;
				CLANG_WARN_DIRECT_OBJC_ISA_USAGE = YES_ERROR;
				CLANG_WARN_DOCUMENTATION_COMMENTS = YES;
				CLANG_WARN_EMPTY_BODY = YES;
				CLANG_WARN_ENUM_CONVERSION = YES;
				CLANG_WARN_INFINITE_RECURSION = YES;
				CLANG_WARN_INT_CONVERSION = YES;
				CLANG_WARN_NON_LITERAL_NULL_CONVERSION = YES;
				CLANG_WARN_OBJC_IMPLICIT_RETAIN_SELF = YES;
				CLANG_WARN_OBJC_LITERAL_CONVERSION = YES;
				CLANG_WARN_OBJC_ROOT_CLASS = YES_ERROR;
				CLANG_WARN_RANGE_LOOP_ANALYSIS = YES;
				CLANG_WARN_STRICT_PROTOTYPES = YES;
				CLANG_WARN_SUSPICIOUS_MOVE = YES;
				CLANG_WARN_UNGUARDED_AVAILABILITY = YES_AGGRESSIVE;
				CLANG_WARN_UNREACHABLE_CODE = YES;
				CLANG_WARN__DUPLICATE_METHOD_MATCH = YES;
				CODE_SIGN_IDENTITY = "iPhone Developer";
				COPY_PHASE_STRIP = NO;
				DEBUG_INFORMATION_FORMAT = "dwarf-with-dsym";
				ENABLE_NS_ASSERTIONS = NO;
				ENABLE_STRICT_OBJC_MSGSEND = YES;
				GCC_C_LANGUAGE_STANDARD = gnu11;
				GCC_NO_COMMON_BLOCKS = YES;
				GCC_WARN_64_TO_32_BIT_CONVERSION = YES;
				GCC_WARN_ABOUT_RETURN_TYPE = YES_ERROR;
				GCC_WARN_UNDECLARED_SELECTOR = YES;
				GCC_WARN_UNINITIALIZED_AUTOS = YES_AGGRESSIVE;
				GCC_WARN_UNUSED_FUNCTION = YES;
				GCC_WARN_UNUSED_VARIABLE = YES;
				IPHONEOS_DEPLOYMENT_TARGET = 12.2;
				MTL_ENABLE_DEBUG_INFO = NO;
				MTL_FAST_MATH = YES;
				SDKROOT = iphoneos;
				SWIFT_COMPILATION_MODE = wholemodule;
				SWIFT_OPTIMIZATION_LEVEL = "-O";
				VALIDATE_PRODUCT = YES;
			};
			name = Release;
		};
		64B385BE229AD22500767E7F /* Debug */ = {
			isa = XCBuildConfiguration;
			buildSettings = {
				ASSETCATALOG_COMPILER_APPICON_NAME = AppIcon;
				CODE_SIGN_STYLE = Automatic;
				DEVELOPMENT_TEAM = 5WZ9W8QR73;
				INFOPLIST_FILE = Xchanger2.0/Info.plist;
				IPHONEOS_DEPLOYMENT_TARGET = 12.2;
				LD_RUNPATH_SEARCH_PATHS = (
					"$(inherited)",
					"@executable_path/Frameworks",
				);
				PRODUCT_BUNDLE_IDENTIFIER = "sowchange.app.Xchanger2-0";
				PRODUCT_NAME = "$(TARGET_NAME)";
				SWIFT_VERSION = 5.0;
				TARGETED_DEVICE_FAMILY = "1,2";
			};
			name = Debug;
		};
		64B385BF229AD22500767E7F /* Release */ = {
			isa = XCBuildConfiguration;
			buildSettings = {
				ASSETCATALOG_COMPILER_APPICON_NAME = AppIcon;
				CODE_SIGN_STYLE = Automatic;
				DEVELOPMENT_TEAM = 5WZ9W8QR73;
				INFOPLIST_FILE = Xchanger2.0/Info.plist;
				IPHONEOS_DEPLOYMENT_TARGET = 12.2;
				LD_RUNPATH_SEARCH_PATHS = (
					"$(inherited)",
					"@executable_path/Frameworks",
				);
				PRODUCT_BUNDLE_IDENTIFIER = "sowchange.app.Xchanger2-0";
				PRODUCT_NAME = "$(TARGET_NAME)";
				SWIFT_VERSION = 5.0;
				TARGETED_DEVICE_FAMILY = "1,2";
			};
			name = Release;
		};
		64B385C1229AD22500767E7F /* Debug */ = {
			isa = XCBuildConfiguration;
			buildSettings = {
				ALWAYS_EMBED_SWIFT_STANDARD_LIBRARIES = YES;
				BUNDLE_LOADER = "$(TEST_HOST)";
				CODE_SIGN_STYLE = Automatic;
				DEVELOPMENT_TEAM = 5WZ9W8QR73;
				INFOPLIST_FILE = Xchanger2.0Tests/Info.plist;
				LD_RUNPATH_SEARCH_PATHS = (
					"$(inherited)",
					"@executable_path/Frameworks",
					"@loader_path/Frameworks",
				);
				PRODUCT_BUNDLE_IDENTIFIER = "sowchange.app.Xchanger2-0Tests";
				PRODUCT_NAME = "$(TARGET_NAME)";
				SWIFT_VERSION = 5.0;
				TARGETED_DEVICE_FAMILY = "1,2";
				TEST_HOST = "$(BUILT_PRODUCTS_DIR)/Xchanger2.0.app/Xchanger2.0";
			};
			name = Debug;
		};
		64B385C2229AD22500767E7F /* Release */ = {
			isa = XCBuildConfiguration;
			buildSettings = {
				ALWAYS_EMBED_SWIFT_STANDARD_LIBRARIES = YES;
				BUNDLE_LOADER = "$(TEST_HOST)";
				CODE_SIGN_STYLE = Automatic;
				DEVELOPMENT_TEAM = 5WZ9W8QR73;
				INFOPLIST_FILE = Xchanger2.0Tests/Info.plist;
				LD_RUNPATH_SEARCH_PATHS = (
					"$(inherited)",
					"@executable_path/Frameworks",
					"@loader_path/Frameworks",
				);
				PRODUCT_BUNDLE_IDENTIFIER = "sowchange.app.Xchanger2-0Tests";
				PRODUCT_NAME = "$(TARGET_NAME)";
				SWIFT_VERSION = 5.0;
				TARGETED_DEVICE_FAMILY = "1,2";
				TEST_HOST = "$(BUILT_PRODUCTS_DIR)/Xchanger2.0.app/Xchanger2.0";
			};
			name = Release;
		};
		64B385C4229AD22500767E7F /* Debug */ = {
			isa = XCBuildConfiguration;
			buildSettings = {
				ALWAYS_EMBED_SWIFT_STANDARD_LIBRARIES = YES;
				CODE_SIGN_STYLE = Automatic;
				DEVELOPMENT_TEAM = 5WZ9W8QR73;
				INFOPLIST_FILE = Xchanger2.0UITests/Info.plist;
				LD_RUNPATH_SEARCH_PATHS = (
					"$(inherited)",
					"@executable_path/Frameworks",
					"@loader_path/Frameworks",
				);
				PRODUCT_BUNDLE_IDENTIFIER = "sowchange.app.Xchanger2-0UITests";
				PRODUCT_NAME = "$(TARGET_NAME)";
				SWIFT_VERSION = 5.0;
				TARGETED_DEVICE_FAMILY = "1,2";
				TEST_TARGET_NAME = Xchanger2.0;
			};
			name = Debug;
		};
		64B385C5229AD22500767E7F /* Release */ = {
			isa = XCBuildConfiguration;
			buildSettings = {
				ALWAYS_EMBED_SWIFT_STANDARD_LIBRARIES = YES;
				CODE_SIGN_STYLE = Automatic;
				DEVELOPMENT_TEAM = 5WZ9W8QR73;
				INFOPLIST_FILE = Xchanger2.0UITests/Info.plist;
				LD_RUNPATH_SEARCH_PATHS = (
					"$(inherited)",
					"@executable_path/Frameworks",
					"@loader_path/Frameworks",
				);
				PRODUCT_BUNDLE_IDENTIFIER = "sowchange.app.Xchanger2-0UITests";
				PRODUCT_NAME = "$(TARGET_NAME)";
				SWIFT_VERSION = 5.0;
				TARGETED_DEVICE_FAMILY = "1,2";
				TEST_TARGET_NAME = Xchanger2.0;
			};
			name = Release;
		};
/* End XCBuildConfiguration section */

/* Begin XCConfigurationList section */
		64B3858D229AD22300767E7F /* Build configuration list for PBXProject "Xchanger2.0" */ = {
			isa = XCConfigurationList;
			buildConfigurations = (
				64B385BB229AD22500767E7F /* Debug */,
				64B385BC229AD22500767E7F /* Release */,
			);
			defaultConfigurationIsVisible = 0;
			defaultConfigurationName = Release;
		};
		64B385BD229AD22500767E7F /* Build configuration list for PBXNativeTarget "Xchanger2.0" */ = {
			isa = XCConfigurationList;
			buildConfigurations = (
				64B385BE229AD22500767E7F /* Debug */,
				64B385BF229AD22500767E7F /* Release */,
			);
			defaultConfigurationIsVisible = 0;
			defaultConfigurationName = Release;
		};
		64B385C0229AD22500767E7F /* Build configuration list for PBXNativeTarget "Xchanger2.0Tests" */ = {
			isa = XCConfigurationList;
			buildConfigurations = (
				64B385C1229AD22500767E7F /* Debug */,
				64B385C2229AD22500767E7F /* Release */,
			);
			defaultConfigurationIsVisible = 0;
			defaultConfigurationName = Release;
		};
		64B385C3229AD22500767E7F /* Build configuration list for PBXNativeTarget "Xchanger2.0UITests" */ = {
			isa = XCConfigurationList;
			buildConfigurations = (
				64B385C4229AD22500767E7F /* Debug */,
				64B385C5229AD22500767E7F /* Release */,
			);
			defaultConfigurationIsVisible = 0;
			defaultConfigurationName = Release;
		};
/* End XCConfigurationList section */

/* Begin XCVersionGroup section */
		64B3859C229AD22300767E7F /* Xchanger2_0.xcdatamodeld */ = {
			isa = XCVersionGroup;
			children = (
				64B3859D229AD22300767E7F /* Xchanger2_0.xcdatamodel */,
			);
			currentVersion = 64B3859D229AD22300767E7F /* Xchanger2_0.xcdatamodel */;
			path = Xchanger2_0.xcdatamodeld;
			sourceTree = "<group>";
			versionGroupType = wrapper.xcdatamodel;
		};
/* End XCVersionGroup section */
	};
	rootObject = 64B3858A229AD22300767E7F /* Project object */;
}
